
Microsoft Visual Studio Solution File, Format Version 12.00
# Visual Studio Version 16
VisualStudioVersion = 16.0.29424.173
MinimumVisualStudioVersion = 10.0.40219.1
Project("{FAE04EC0-301F-11D3-BF4B-00C04F79EFBC}") = "Task1.Android", "Task1\Task1.Android\Task1.Android.csproj", "{C06F8D73-5EA1-4712-8DBC-E34A968885E6}"
EndProject
Project("{FAE04EC0-301F-11D3-BF4B-00C04F79EFBC}") = "Task1.iOS", "Task1\Task1.iOS\Task1.iOS.csproj", "{A590EF7B-20ED-4999-B55B-C4DD93A7C228}"
EndProject
Project("{FAE04EC0-301F-11D3-BF4B-00C04F79EFBC}") = "Task1", "Task1\Task1\Task1.csproj", "{1D1BBCB6-7BA5-4D38-8CA7-F306FA15120F}"
EndProject
Global
	GlobalSection(SolutionConfigurationPlatforms) = preSolution
		Debug|Any CPU = Debug|Any CPU
		Debug|iPhone = Debug|iPhone
		Debug|iPhoneSimulator = Debug|iPhoneSimulator
		Release|Any CPU = Release|Any CPU
		Release|iPhone = Release|iPhone
		Release|iPhoneSimulator = Release|iPhoneSimulator
	EndGlobalSection
	GlobalSection(ProjectConfigurationPlatforms) = postSolution
		{C06F8D73-5EA1-4712-8DBC-E34A968885E6}.Debug|Any CPU.ActiveCfg = Debug|Any CPU
		{C06F8D73-5EA1-4712-8DBC-E34A968885E6}.Debug|Any CPU.Build.0 = Debug|Any CPU
		{C06F8D73-5EA1-4712-8DBC-E34A968885E6}.Debug|Any CPU.Deploy.0 = Debug|Any CPU
		{C06F8D73-5EA1-4712-8DBC-E34A968885E6}.Debug|iPhone.ActiveCfg = Debug|Any CPU
		{C06F8D73-5EA1-4712-8DBC-E34A968885E6}.Debug|iPhone.Build.0 = Debug|Any CPU
		{C06F8D73-5EA1-4712-8DBC-E34A968885E6}.Debug|iPhone.Deploy.0 = Debug|Any CPU
		{C06F8D73-5EA1-4712-8DBC-E34A968885E6}.Debug|iPhoneSimulator.ActiveCfg = Debug|Any CPU
		{C06F8D73-5EA1-4712-8DBC-E34A968885E6}.Debug|iPhoneSimulator.Build.0 = Debug|Any CPU
		{C06F8D73-5EA1-4712-8DBC-E34A968885E6}.Debug|iPhoneSimulator.Deploy.0 = Debug|Any CPU
		{C06F8D73-5EA1-4712-8DBC-E34A968885E6}.Release|Any CPU.ActiveCfg = Release|Any CPU
		{C06F8D73-5EA1-4712-8DBC-E34A968885E6}.Release|Any CPU.Build.0 = Release|Any CPU
		{C06F8D73-5EA1-4712-8DBC-E34A968885E6}.Release|Any CPU.Deploy.0 = Release|Any CPU
		{C06F8D73-5EA1-4712-8DBC-E34A968885E6}.Release|iPhone.ActiveCfg = Release|Any CPU
		{C06F8D73-5EA1-4712-8DBC-E34A968885E6}.Release|iPhone.Build.0 = Release|Any CPU
		{C06F8D73-5EA1-4712-8DBC-E34A968885E6}.Release|iPhone.Deploy.0 = Release|Any CPU
		{C06F8D73-5EA1-4712-8DBC-E34A968885E6}.Release|iPhoneSimulator.ActiveCfg = Release|Any CPU
		{C06F8D73-5EA1-4712-8DBC-E34A968885E6}.Release|iPhoneSimulator.Build.0 = Release|Any CPU
		{C06F8D73-5EA1-4712-8DBC-E34A968885E6}.Release|iPhoneSimulator.Deploy.0 = Release|Any CPU
		{A590EF7B-20ED-4999-B55B-C4DD93A7C228}.Debug|Any CPU.ActiveCfg = Debug|iPhoneSimulator
		{A590EF7B-20ED-4999-B55B-C4DD93A7C228}.Debug|Any CPU.Build.0 = Debug|iPhoneSimulator
		{A590EF7B-20ED-4999-B55B-C4DD93A7C228}.Debug|Any CPU.Deploy.0 = Debug|iPhoneSimulator
		{A590EF7B-20ED-4999-B55B-C4DD93A7C228}.Debug|iPhone.ActiveCfg = Debug|iPhone
		{A590EF7B-20ED-4999-B55B-C4DD93A7C228}.Debug|iPhone.Build.0 = Debug|iPhone
		{A590EF7B-20ED-4999-B55B-C4DD93A7C228}.Debug|iPhone.Deploy.0 = Debug|iPhone
		{A590EF7B-20ED-4999-B55B-C4DD93A7C228}.Debug|iPhoneSimulator.ActiveCfg = Debug|iPhoneSimulator
		{A590EF7B-20ED-4999-B55B-C4DD93A7C228}.Debug|iPhoneSimulator.Build.0 = Debug|iPhoneSimulator
		{A590EF7B-20ED-4999-B55B-C4DD93A7C228}.Debug|iPhoneSimulator.Deploy.0 = Debug|iPhoneSimulator
		{A590EF7B-20ED-4999-B55B-C4DD93A7C228}.Release|Any CPU.ActiveCfg = Release|iPhone
		{A590EF7B-20ED-4999-B55B-C4DD93A7C228}.Release|Any CPU.Build.0 = Release|iPhone
		{A590EF7B-20ED-4999-B55B-C4DD93A7C228}.Release|Any CPU.Deploy.0 = Release|iPhone
		{A590EF7B-20ED-4999-B55B-C4DD93A7C228}.Release|iPhone.ActiveCfg = Release|iPhone
		{A590EF7B-20ED-4999-B55B-C4DD93A7C228}.Release|iPhone.Build.0 = Release|iPhone
		{A590EF7B-20ED-4999-B55B-C4DD93A7C228}.Release|iPhone.Deploy.0 = Release|iPhone
		{A590EF7B-20ED-4999-B55B-C4DD93A7C228}.Release|iPhoneSimulator.ActiveCfg = Release|iPhoneSimulator
		{A590EF7B-20ED-4999-B55B-C4DD93A7C228}.Release|iPhoneSimulator.Build.0 = Release|iPhoneSimulator
		{A590EF7B-20ED-4999-B55B-C4DD93A7C228}.Release|iPhoneSimulator.Deploy.0 = Release|iPhoneSimulator
		{1D1BBCB6-7BA5-4D38-8CA7-F306FA15120F}.Debug|Any CPU.ActiveCfg = Debug|Any CPU
		{1D1BBCB6-7BA5-4D38-8CA7-F306FA15120F}.Debug|Any CPU.Build.0 = Debug|Any CPU
		{1D1BBCB6-7BA5-4D38-8CA7-F306FA15120F}.Debug|Any CPU.Deploy.0 = Debug|Any CPU
		{1D1BBCB6-7BA5-4D38-8CA7-F306FA15120F}.Debug|iPhone.ActiveCfg = Debug|Any CPU
		{1D1BBCB6-7BA5-4D38-8CA7-F306FA15120F}.Debug|iPhone.Build.0 = Debug|Any CPU
		{1D1BBCB6-7BA5-4D38-8CA7-F306FA15120F}.Debug|iPhone.Deploy.0 = Debug|Any CPU
		{1D1BBCB6-7BA5-4D38-8CA7-F306FA15120F}.Debug|iPhoneSimulator.ActiveCfg = Debug|Any CPU
		{1D1BBCB6-7BA5-4D38-8CA7-F306FA15120F}.Debug|iPhoneSimulator.Build.0 = Debug|Any CPU
		{1D1BBCB6-7BA5-4D38-8CA7-F306FA15120F}.Debug|iPhoneSimulator.Deploy.0 = Debug|Any CPU
		{1D1BBCB6-7BA5-4D38-8CA7-F306FA15120F}.Release|Any CPU.ActiveCfg = Release|Any CPU
		{1D1BBCB6-7BA5-4D38-8CA7-F306FA15120F}.Release|Any CPU.Build.0 = Release|Any CPU
		{1D1BBCB6-7BA5-4D38-8CA7-F306FA15120F}.Release|Any CPU.Deploy.0 = Release|Any CPU
		{1D1BBCB6-7BA5-4D38-8CA7-F306FA15120F}.Release|iPhone.ActiveCfg = Release|Any CPU
		{1D1BBCB6-7BA5-4D38-8CA7-F306FA15120F}.Release|iPhone.Build.0 = Release|Any CPU
		{1D1BBCB6-7BA5-4D38-8CA7-F306FA15120F}.Release|iPhone.Deploy.0 = Release|Any CPU
		{1D1BBCB6-7BA5-4D38-8CA7-F306FA15120F}.Release|iPhoneSimulator.ActiveCfg = Release|Any CPU
		{1D1BBCB6-7BA5-4D38-8CA7-F306FA15120F}.Release|iPhoneSimulator.Build.0 = Release|Any CPU
		{1D1BBCB6-7BA5-4D38-8CA7-F306FA15120F}.Release|iPhoneSimulator.Deploy.0 = Release|Any CPU
	EndGlobalSection
	GlobalSection(SolutionProperties) = preSolution
		HideSolutionNode = FALSE
	EndGlobalSection
	GlobalSection(ExtensibilityGlobals) = postSolution
		SolutionGuid = {79F36736-7298-4536-9E3E-3349B2C84F8B}
	EndGlobalSection
EndGlobal
